PODS:
  - AFNetworking/Serialization (2.3.1)
  - FLAnimatedImage (1.0.8)
  - FMDB (2.5):
    - FMDB/standard (= 2.5)
  - FMDB/common (2.5)
  - FMDB/standard (2.5):
    - FMDB/common
  - Giphy-iOS (0.1.1):
    - AFNetworking/Serialization (~> 2.3.1)

DEPENDENCIES:
  - AFNetworking/Serialization (~> 2.3.1)
  - FLAnimatedImage (~> 1.0)
  - FMDB
  - Giphy-iOS

SPEC CHECKSUMS:
  AFNetworking: 6d7b76aa5d04c8c37daad3eef4b7e3f2a7620da3
  FLAnimatedImage: 8669ace2a531fc0bb7344a6326f48c3a4c3de84b
  FMDB: 0efa188cf0dd1ce82c27a478cd5f5fa245308677
  Giphy-iOS: 3db9265909207a73a43e9a4985b8761787b5e650

COCOAPODS: 0.35.0
