PODS:
  - AFNetworking/Serialization (2.3.1)
  - FLAnimatedImage (1.0.8)
  - FMDB (2.5):
    - FMDB/standard (= 2.5)
  - FMDB/common (2.5)
  - FMDB/standard (2.5):
    - FMDB/common
  - Giphy-iOS (0.1.1):
    - AFNetworking/Serialization (~> 2.3.1)

DEPENDENCIES:
  - AFNetworking/Serialization (~> 2.3.1)
  - FLAnimatedImage (~> 1.0)
  - FMDB
  - Giphy-iOS

SPEC CHECKSUMS:
  AFNetworking: 05b9f6e3aa5ac45bc383b4bb108ef338080a26c7
  FLAnimatedImage: f9422f796135aff80d8c00b2afc48015bb746e24
  FMDB: 96e8f1bcc1329e269330f99770ad4285d9003e52
  Giphy-iOS: 95ce787749b73435524f40f700f026db5dfe251b

COCOAPODS: 0.36.0
